
Microsoft Visual Studio Solution File, Format Version 12.00
# Visual Studio Version 16
VisualStudioVersion = 16.0.31410.223
MinimumVisualStudioVersion = 10.0.40219.1
Project("{FAE04EC0-301F-11D3-BF4B-00C04F79EFBC}") = "MyUWPApp", "MyUWPApp\MyUWPApp.csproj", "{CCCEA7F5-6FBE-45E2-9053-D14F6273289A}"
EndProject
Project("{9A19103F-16F7-4668-BE54-9A1E7A4F7556}") = "WinFormsApp", "WinFormsApp\WinFormsApp.csproj", "{E3BFBE69-D9FD-46AC-A3F8-C5A55DBFED8C}"
EndProject
Project("{9A19103F-16F7-4668-BE54-9A1E7A4F7556}") = "WPFApp", "WPFApp\WPFApp.csproj", "{29A1B9BF-FC9A-441C-B6B9-26DC8AF27451}"
EndProject
Global
	GlobalSection(SolutionConfigurationPlatforms) = preSolution
		Debug|x64 = Debug|x64
		Release|x64 = Release|x64
	EndGlobalSection
	GlobalSection(ProjectConfigurationPlatforms) = postSolution
		{CCCEA7F5-6FBE-45E2-9053-D14F6273289A}.Debug|x64.ActiveCfg = Debug|x64
		{CCCEA7F5-6FBE-45E2-9053-D14F6273289A}.Debug|x64.Build.0 = Debug|x64
		{CCCEA7F5-6FBE-45E2-9053-D14F6273289A}.Debug|x64.Deploy.0 = Debug|x64
		{CCCEA7F5-6FBE-45E2-9053-D14F6273289A}.Release|x64.ActiveCfg = Release|x64
		{CCCEA7F5-6FBE-45E2-9053-D14F6273289A}.Release|x64.Build.0 = Release|x64
		{CCCEA7F5-6FBE-45E2-9053-D14F6273289A}.Release|x64.Deploy.0 = Release|x64
		{E3BFBE69-D9FD-46AC-A3F8-C5A55DBFED8C}.Debug|x64.ActiveCfg = Debug|x64
		{E3BFBE69-D9FD-46AC-A3F8-C5A55DBFED8C}.Debug|x64.Build.0 = Debug|x64
		{E3BFBE69-D9FD-46AC-A3F8-C5A55DBFED8C}.Release|x64.ActiveCfg = Release|x64
		{E3BFBE69-D9FD-46AC-A3F8-C5A55DBFED8C}.Release|x64.Build.0 = Release|x64
		{29A1B9BF-FC9A-441C-B6B9-26DC8AF27451}.Debug|x64.ActiveCfg = Debug|x64
		{29A1B9BF-FC9A-441C-B6B9-26DC8AF27451}.Debug|x64.Build.0 = Debug|x64
		{29A1B9BF-FC9A-441C-B6B9-26DC8AF27451}.Release|x64.ActiveCfg = Release|x64
		{29A1B9BF-FC9A-441C-B6B9-26DC8AF27451}.Release|x64.Build.0 = Release|x64
	EndGlobalSection
	GlobalSection(SolutionProperties) = preSolution
		HideSolutionNode = FALSE
	EndGlobalSection
	GlobalSection(ExtensibilityGlobals) = postSolution
		SolutionGuid = {0BE83544-263A-4E5D-A1C2-8094E0206643}
	EndGlobalSection
EndGlobal
